
Microsoft Visual Studio Solution File, Format Version 12.00
# Visual Studio 15
VisualStudioVersion = 15.0.28307.329
MinimumVisualStudioVersion = 10.0.40219.1
Project("{FAE04EC0-301F-11D3-BF4B-00C04F79EFBC}") = "ZKTecoFingerPrintScanner-Implementation", "ZKTecoFingerPrintScanner-Implementation\ZKTecoFingerPrintScanner-Implementation.csproj", "{62C43BC8-1B23-49A8-9FFA-B702A9815204}"
EndProject
Global
	GlobalSection(SolutionConfigurationPlatforms) = preSolution
		Debug|Any CPU = Debug|Any CPU
		Release|Any CPU = Release|Any CPU
	EndGlobalSection
	GlobalSection(ProjectConfigurationPlatforms) = postSolution
		{62C43BC8-1B23-49A8-9FFA-B702A9815204}.Debug|Any CPU.ActiveCfg = Debug|Any CPU
		{62C43BC8-1B23-49A8-9FFA-B702A9815204}.Debug|Any CPU.Build.0 = Debug|Any CPU
		{62C43BC8-1B23-49A8-9FFA-B702A9815204}.Release|Any CPU.ActiveCfg = Release|Any CPU
		{62C43BC8-1B23-49A8-9FFA-B702A9815204}.Release|Any CPU.Build.0 = Release|Any CPU
	EndGlobalSection
	GlobalSection(SolutionProperties) = preSolution
		HideSolutionNode = FALSE
	EndGlobalSection
	GlobalSection(ExtensibilityGlobals) = postSolution
		SolutionGuid = {695C57A3-6E98-4A91-A4EF-28B40A4F0D1A}
	EndGlobalSection
EndGlobal
